
Microsoft Visual Studio Solution File, Format Version 12.00
# Visual Studio Version 16
VisualStudioVersion = 16.0.30503.244
MinimumVisualStudioVersion = 10.0.40219.1
Project("{FAE04EC0-301F-11D3-BF4B-00C04F79EFBC}") = "Cinematheque.WebSite", "Cinematheque.WebSite\Cinematheque.WebSite.csproj", "{532573EC-BE19-4FAF-B8E0-59F0A74148A1}"
EndProject
Project("{FAE04EC0-301F-11D3-BF4B-00C04F79EFBC}") = "Cinematheque.Data", "Cinematheque.Data\Cinematheque.Data.csproj", "{941EA833-E374-40AC-9266-F86628F97B03}"
EndProject
Global
	GlobalSection(SolutionConfigurationPlatforms) = preSolution
		Debug|Any CPU = Debug|Any CPU
		Release|Any CPU = Release|Any CPU
	EndGlobalSection
	GlobalSection(ProjectConfigurationPlatforms) = postSolution
		{532573EC-BE19-4FAF-B8E0-59F0A74148A1}.Debug|Any CPU.ActiveCfg = Debug|Any CPU
		{532573EC-BE19-4FAF-B8E0-59F0A74148A1}.Debug|Any CPU.Build.0 = Debug|Any CPU
		{532573EC-BE19-4FAF-B8E0-59F0A74148A1}.Release|Any CPU.ActiveCfg = Release|Any CPU
		{532573EC-BE19-4FAF-B8E0-59F0A74148A1}.Release|Any CPU.Build.0 = Release|Any CPU
		{941EA833-E374-40AC-9266-F86628F97B03}.Debug|Any CPU.ActiveCfg = Debug|Any CPU
		{941EA833-E374-40AC-9266-F86628F97B03}.Debug|Any CPU.Build.0 = Debug|Any CPU
		{941EA833-E374-40AC-9266-F86628F97B03}.Release|Any CPU.ActiveCfg = Release|Any CPU
		{941EA833-E374-40AC-9266-F86628F97B03}.Release|Any CPU.Build.0 = Release|Any CPU
	EndGlobalSection
	GlobalSection(SolutionProperties) = preSolution
		HideSolutionNode = FALSE
	EndGlobalSection
	GlobalSection(ExtensibilityGlobals) = postSolution
		SolutionGuid = {CD5DA31F-9281-4B3B-B6CC-052C9410814D}
	EndGlobalSection
EndGlobal
